
Microsoft Visual Studio Solution File, Format Version 12.00
# Visual Studio Version 17
VisualStudioVersion = 17.14.36518.9 d17.14
MinimumVisualStudioVersion = 10.0.40219.1
Project("{FAE04EC0-301F-11D3-BF4B-00C04F79EFBC}") = "DnD_SpellBook", "DnD_SpellBook.csproj", "{D56E043A-7F51-4AB7-AB61-D1F53944F368}"
EndProject
Global
	GlobalSection(SolutionConfigurationPlatforms) = preSolution
		Debug|Any CPU = Debug|Any CPU
		Release|Any CPU = Release|Any CPU
	EndGlobalSection
	GlobalSection(ProjectConfigurationPlatforms) = postSolution
		{D56E043A-7F51-4AB7-AB61-D1F53944F368}.Debug|Any CPU.ActiveCfg = Debug|Any CPU
		{D56E043A-7F51-4AB7-AB61-D1F53944F368}.Debug|Any CPU.Build.0 = Debug|Any CPU
		{D56E043A-7F51-4AB7-AB61-D1F53944F368}.Release|Any CPU.ActiveCfg = Release|Any CPU
		{D56E043A-7F51-4AB7-AB61-D1F53944F368}.Release|Any CPU.Build.0 = Release|Any CPU
	EndGlobalSection
	GlobalSection(SolutionProperties) = preSolution
		HideSolutionNode = FALSE
	EndGlobalSection
	GlobalSection(ExtensibilityGlobals) = postSolution
		SolutionGuid = {86C589BF-7383-495A-8491-3EC7F743EC1A}
	EndGlobalSection
EndGlobal
